
Microsoft Visual Studio Solution File, Format Version 12.00
# Visual Studio Version 17
VisualStudioVersion = 17.9.34728.123
MinimumVisualStudioVersion = 10.0.40219.1
Project("{FAE04EC0-301F-11D3-BF4B-00C04F79EFBC}") = "AsincronoCodigo", "AsincronoCodigo\AsincronoCodigo.csproj", "{74DCCB40-6239-4D9C-AEA6-0AE533C44F29}"
EndProject
Global
	GlobalSection(SolutionConfigurationPlatforms) = preSolution
		Debug|Any CPU = Debug|Any CPU
		Release|Any CPU = Release|Any CPU
	EndGlobalSection
	GlobalSection(ProjectConfigurationPlatforms) = postSolution
		{74DCCB40-6239-4D9C-AEA6-0AE533C44F29}.Debug|Any CPU.ActiveCfg = Debug|Any CPU
		{74DCCB40-6239-4D9C-AEA6-0AE533C44F29}.Debug|Any CPU.Build.0 = Debug|Any CPU
		{74DCCB40-6239-4D9C-AEA6-0AE533C44F29}.Release|Any CPU.ActiveCfg = Release|Any CPU
		{74DCCB40-6239-4D9C-AEA6-0AE533C44F29}.Release|Any CPU.Build.0 = Release|Any CPU
	EndGlobalSection
	GlobalSection(SolutionProperties) = preSolution
		HideSolutionNode = FALSE
	EndGlobalSection
	GlobalSection(ExtensibilityGlobals) = postSolution
		SolutionGuid = {CDD32645-42DA-4BE9-B4E9-4B5B9D988C9B}
	EndGlobalSection
EndGlobal
